
Microsoft Visual Studio Solution File, Format Version 12.00
# Visual Studio Version 17
VisualStudioVersion = 17.0.32014.148
MinimumVisualStudioVersion = 10.0.40219.1
Project("{FAE04EC0-301F-11D3-BF4B-00C04F79EFBC}") = "01. Match Full Name", "01. Match Full Name\01. Match Full Name.csproj", "{01F78F1B-FB5C-421D-9A4C-53FBA4878D3C}"
EndProject
Project("{FAE04EC0-301F-11D3-BF4B-00C04F79EFBC}") = "02. Match Phone Number", "02. Match Phone Number\02. Match Phone Number.csproj", "{8F3132FE-7AE1-4B25-AD29-8622F42D20CE}"
EndProject
Project("{FAE04EC0-301F-11D3-BF4B-00C04F79EFBC}") = "03. Match Dates", "03. Match Dates\03. Match Dates.csproj", "{533A1ADE-F08A-47DB-9D73-53A3508D0F7A}"
EndProject
Global
	GlobalSection(SolutionConfigurationPlatforms) = preSolution
		Debug|Any CPU = Debug|Any CPU
		Release|Any CPU = Release|Any CPU
	EndGlobalSection
	GlobalSection(ProjectConfigurationPlatforms) = postSolution
		{01F78F1B-FB5C-421D-9A4C-53FBA4878D3C}.Debug|Any CPU.ActiveCfg = Debug|Any CPU
		{01F78F1B-FB5C-421D-9A4C-53FBA4878D3C}.Debug|Any CPU.Build.0 = Debug|Any CPU
		{01F78F1B-FB5C-421D-9A4C-53FBA4878D3C}.Release|Any CPU.ActiveCfg = Release|Any CPU
		{01F78F1B-FB5C-421D-9A4C-53FBA4878D3C}.Release|Any CPU.Build.0 = Release|Any CPU
		{8F3132FE-7AE1-4B25-AD29-8622F42D20CE}.Debug|Any CPU.ActiveCfg = Debug|Any CPU
		{8F3132FE-7AE1-4B25-AD29-8622F42D20CE}.Debug|Any CPU.Build.0 = Debug|Any CPU
		{8F3132FE-7AE1-4B25-AD29-8622F42D20CE}.Release|Any CPU.ActiveCfg = Release|Any CPU
		{8F3132FE-7AE1-4B25-AD29-8622F42D20CE}.Release|Any CPU.Build.0 = Release|Any CPU
		{533A1ADE-F08A-47DB-9D73-53A3508D0F7A}.Debug|Any CPU.ActiveCfg = Debug|Any CPU
		{533A1ADE-F08A-47DB-9D73-53A3508D0F7A}.Debug|Any CPU.Build.0 = Debug|Any CPU
		{533A1ADE-F08A-47DB-9D73-53A3508D0F7A}.Release|Any CPU.ActiveCfg = Release|Any CPU
		{533A1ADE-F08A-47DB-9D73-53A3508D0F7A}.Release|Any CPU.Build.0 = Release|Any CPU
	EndGlobalSection
	GlobalSection(SolutionProperties) = preSolution
		HideSolutionNode = FALSE
	EndGlobalSection
	GlobalSection(ExtensibilityGlobals) = postSolution
		SolutionGuid = {D54E97E7-5C76-46FA-8607-DC5D3CDCE59A}
	EndGlobalSection
EndGlobal
