
Microsoft Visual Studio Solution File, Format Version 12.00
# Visual Studio Version 17
VisualStudioVersion = 17.0.32014.148
MinimumVisualStudioVersion = 10.0.40219.1
Project("{FAE04EC0-301F-11D3-BF4B-00C04F79EFBC}") = "01. Hello SoftUni", "01. Hello SoftUni.csproj", "{36DB96C8-0D01-4C03-B6C3-3DE4C1A6DB8A}"
EndProject
Project("{FAE04EC0-301F-11D3-BF4B-00C04F79EFBC}") = "02.Nums1to10", "..\02.Nums1to10\02.Nums1to10.csproj", "{06A30CB9-51FF-404F-86D8-1908501DF0A1}"
EndProject
Project("{FAE04EC0-301F-11D3-BF4B-00C04F79EFBC}") = "03. Rectangle Area", "..\03. Rectangle Area\03. Rectangle Area.csproj", "{7EC43D3E-73D9-48E3-8EE8-3678682839E5}"
EndProject
Project("{FAE04EC0-301F-11D3-BF4B-00C04F79EFBC}") = "04. Inches to Centimeters", "..\04. Inches to Centimeters\04. Inches to Centimeters.csproj", "{C0A72889-66D4-4C8D-BB7B-5845E8ADD6A2}"
EndProject
Project("{FAE04EC0-301F-11D3-BF4B-00C04F79EFBC}") = "05. Greeting by Name", "..\05. Greeting by Name\05. Greeting by Name.csproj", "{C131B1F0-909E-40F0-B9AC-324F016374DD}"
EndProject
Project("{FAE04EC0-301F-11D3-BF4B-00C04F79EFBC}") = "06. Concatenate Data", "..\06. Concatenate Data\06. Concatenate Data.csproj", "{64DEBD91-3212-4D91-A9FF-A19869F4F22E}"
EndProject
Project("{FAE04EC0-301F-11D3-BF4B-00C04F79EFBC}") = "07. Projects Creation", "..\07. Projects Creation\07. Projects Creation.csproj", "{D98B167F-EABE-4A9B-9664-DD3646E5FECB}"
EndProject
Project("{FAE04EC0-301F-11D3-BF4B-00C04F79EFBC}") = "08. Pet Shop", "..\08. Pet Shop\08. Pet Shop.csproj", "{D186C217-2454-4F7D-9C5F-4DF81C3878A1}"
EndProject
Project("{FAE04EC0-301F-11D3-BF4B-00C04F79EFBC}") = "09. Yard Greening", "..\09. Yard Greening\09. Yard Greening.csproj", "{0A4B6CA3-A839-4365-829E-30A093176D9E}"
EndProject
Global
	GlobalSection(SolutionConfigurationPlatforms) = preSolution
		Debug|Any CPU = Debug|Any CPU
		Release|Any CPU = Release|Any CPU
	EndGlobalSection
	GlobalSection(ProjectConfigurationPlatforms) = postSolution
		{36DB96C8-0D01-4C03-B6C3-3DE4C1A6DB8A}.Debug|Any CPU.ActiveCfg = Debug|Any CPU
		{36DB96C8-0D01-4C03-B6C3-3DE4C1A6DB8A}.Debug|Any CPU.Build.0 = Debug|Any CPU
		{36DB96C8-0D01-4C03-B6C3-3DE4C1A6DB8A}.Release|Any CPU.ActiveCfg = Release|Any CPU
		{36DB96C8-0D01-4C03-B6C3-3DE4C1A6DB8A}.Release|Any CPU.Build.0 = Release|Any CPU
		{06A30CB9-51FF-404F-86D8-1908501DF0A1}.Debug|Any CPU.ActiveCfg = Debug|Any CPU
		{06A30CB9-51FF-404F-86D8-1908501DF0A1}.Debug|Any CPU.Build.0 = Debug|Any CPU
		{06A30CB9-51FF-404F-86D8-1908501DF0A1}.Release|Any CPU.ActiveCfg = Release|Any CPU
		{06A30CB9-51FF-404F-86D8-1908501DF0A1}.Release|Any CPU.Build.0 = Release|Any CPU
		{7EC43D3E-73D9-48E3-8EE8-3678682839E5}.Debug|Any CPU.ActiveCfg = Debug|Any CPU
		{7EC43D3E-73D9-48E3-8EE8-3678682839E5}.Debug|Any CPU.Build.0 = Debug|Any CPU
		{7EC43D3E-73D9-48E3-8EE8-3678682839E5}.Release|Any CPU.ActiveCfg = Release|Any CPU
		{7EC43D3E-73D9-48E3-8EE8-3678682839E5}.Release|Any CPU.Build.0 = Release|Any CPU
		{C0A72889-66D4-4C8D-BB7B-5845E8ADD6A2}.Debug|Any CPU.ActiveCfg = Debug|Any CPU
		{C0A72889-66D4-4C8D-BB7B-5845E8ADD6A2}.Debug|Any CPU.Build.0 = Debug|Any CPU
		{C0A72889-66D4-4C8D-BB7B-5845E8ADD6A2}.Release|Any CPU.ActiveCfg = Release|Any CPU
		{C0A72889-66D4-4C8D-BB7B-5845E8ADD6A2}.Release|Any CPU.Build.0 = Release|Any CPU
		{C131B1F0-909E-40F0-B9AC-324F016374DD}.Debug|Any CPU.ActiveCfg = Debug|Any CPU
		{C131B1F0-909E-40F0-B9AC-324F016374DD}.Debug|Any CPU.Build.0 = Debug|Any CPU
		{C131B1F0-909E-40F0-B9AC-324F016374DD}.Release|Any CPU.ActiveCfg = Release|Any CPU
		{C131B1F0-909E-40F0-B9AC-324F016374DD}.Release|Any CPU.Build.0 = Release|Any CPU
		{64DEBD91-3212-4D91-A9FF-A19869F4F22E}.Debug|Any CPU.ActiveCfg = Debug|Any CPU
		{64DEBD91-3212-4D91-A9FF-A19869F4F22E}.Debug|Any CPU.Build.0 = Debug|Any CPU
		{64DEBD91-3212-4D91-A9FF-A19869F4F22E}.Release|Any CPU.ActiveCfg = Release|Any CPU
		{64DEBD91-3212-4D91-A9FF-A19869F4F22E}.Release|Any CPU.Build.0 = Release|Any CPU
		{D98B167F-EABE-4A9B-9664-DD3646E5FECB}.Debug|Any CPU.ActiveCfg = Debug|Any CPU
		{D98B167F-EABE-4A9B-9664-DD3646E5FECB}.Debug|Any CPU.Build.0 = Debug|Any CPU
		{D98B167F-EABE-4A9B-9664-DD3646E5FECB}.Release|Any CPU.ActiveCfg = Release|Any CPU
		{D98B167F-EABE-4A9B-9664-DD3646E5FECB}.Release|Any CPU.Build.0 = Release|Any CPU
		{D186C217-2454-4F7D-9C5F-4DF81C3878A1}.Debug|Any CPU.ActiveCfg = Debug|Any CPU
		{D186C217-2454-4F7D-9C5F-4DF81C3878A1}.Debug|Any CPU.Build.0 = Debug|Any CPU
		{D186C217-2454-4F7D-9C5F-4DF81C3878A1}.Release|Any CPU.ActiveCfg = Release|Any CPU
		{D186C217-2454-4F7D-9C5F-4DF81C3878A1}.Release|Any CPU.Build.0 = Release|Any CPU
		{0A4B6CA3-A839-4365-829E-30A093176D9E}.Debug|Any CPU.ActiveCfg = Debug|Any CPU
		{0A4B6CA3-A839-4365-829E-30A093176D9E}.Debug|Any CPU.Build.0 = Debug|Any CPU
		{0A4B6CA3-A839-4365-829E-30A093176D9E}.Release|Any CPU.ActiveCfg = Release|Any CPU
		{0A4B6CA3-A839-4365-829E-30A093176D9E}.Release|Any CPU.Build.0 = Release|Any CPU
	EndGlobalSection
	GlobalSection(SolutionProperties) = preSolution
		HideSolutionNode = FALSE
	EndGlobalSection
	GlobalSection(ExtensibilityGlobals) = postSolution
		SolutionGuid = {C0F46254-72E9-4E48-80C0-2FBED9FA66D3}
	EndGlobalSection
EndGlobal
