
Microsoft Visual Studio Solution File, Format Version 12.00
# Visual Studio Version 17
VisualStudioVersion = 17.0.32014.148
MinimumVisualStudioVersion = 10.0.40219.1
Project("{9A19103F-16F7-4668-BE54-9A1E7A4F7556}") = "1. Sort Even Numbers", "1. Sort Even Numbers\1. Sort Even Numbers.csproj", "{F06CED32-23E8-416B-A4CC-789721884410}"
EndProject
Project("{9A19103F-16F7-4668-BE54-9A1E7A4F7556}") = "2. Sum Numbers", "2. Sum Numbers\2. Sum Numbers.csproj", "{26C92C4E-032F-490E-83D4-F299A4622F6A}"
EndProject
Project("{9A19103F-16F7-4668-BE54-9A1E7A4F7556}") = "3. Count Uppercase Words", "3. Count Uppercase Words\3. Count Uppercase Words.csproj", "{EBE86040-805B-4780-8799-4A6533F161B6}"
EndProject
Project("{FAE04EC0-301F-11D3-BF4B-00C04F79EFBC}") = "4. Add VAT", "4. Add VAT\4. Add VAT.csproj", "{553318B4-3FE6-443E-A48B-5224B20A3698}"
EndProject
Project("{FAE04EC0-301F-11D3-BF4B-00C04F79EFBC}") = "5. Filter by Age", "5. Filter by Age\5. Filter by Age.csproj", "{8F970C86-44EA-48DA-BF10-7ACBE6679C04}"
EndProject
Global
	GlobalSection(SolutionConfigurationPlatforms) = preSolution
		Debug|Any CPU = Debug|Any CPU
		Release|Any CPU = Release|Any CPU
	EndGlobalSection
	GlobalSection(ProjectConfigurationPlatforms) = postSolution
		{F06CED32-23E8-416B-A4CC-789721884410}.Debug|Any CPU.ActiveCfg = Debug|Any CPU
		{F06CED32-23E8-416B-A4CC-789721884410}.Debug|Any CPU.Build.0 = Debug|Any CPU
		{F06CED32-23E8-416B-A4CC-789721884410}.Release|Any CPU.ActiveCfg = Release|Any CPU
		{F06CED32-23E8-416B-A4CC-789721884410}.Release|Any CPU.Build.0 = Release|Any CPU
		{26C92C4E-032F-490E-83D4-F299A4622F6A}.Debug|Any CPU.ActiveCfg = Debug|Any CPU
		{26C92C4E-032F-490E-83D4-F299A4622F6A}.Debug|Any CPU.Build.0 = Debug|Any CPU
		{26C92C4E-032F-490E-83D4-F299A4622F6A}.Release|Any CPU.ActiveCfg = Release|Any CPU
		{26C92C4E-032F-490E-83D4-F299A4622F6A}.Release|Any CPU.Build.0 = Release|Any CPU
		{EBE86040-805B-4780-8799-4A6533F161B6}.Debug|Any CPU.ActiveCfg = Debug|Any CPU
		{EBE86040-805B-4780-8799-4A6533F161B6}.Debug|Any CPU.Build.0 = Debug|Any CPU
		{EBE86040-805B-4780-8799-4A6533F161B6}.Release|Any CPU.ActiveCfg = Release|Any CPU
		{EBE86040-805B-4780-8799-4A6533F161B6}.Release|Any CPU.Build.0 = Release|Any CPU
		{553318B4-3FE6-443E-A48B-5224B20A3698}.Debug|Any CPU.ActiveCfg = Debug|Any CPU
		{553318B4-3FE6-443E-A48B-5224B20A3698}.Debug|Any CPU.Build.0 = Debug|Any CPU
		{553318B4-3FE6-443E-A48B-5224B20A3698}.Release|Any CPU.ActiveCfg = Release|Any CPU
		{553318B4-3FE6-443E-A48B-5224B20A3698}.Release|Any CPU.Build.0 = Release|Any CPU
		{8F970C86-44EA-48DA-BF10-7ACBE6679C04}.Debug|Any CPU.ActiveCfg = Debug|Any CPU
		{8F970C86-44EA-48DA-BF10-7ACBE6679C04}.Debug|Any CPU.Build.0 = Debug|Any CPU
		{8F970C86-44EA-48DA-BF10-7ACBE6679C04}.Release|Any CPU.ActiveCfg = Release|Any CPU
		{8F970C86-44EA-48DA-BF10-7ACBE6679C04}.Release|Any CPU.Build.0 = Release|Any CPU
	EndGlobalSection
	GlobalSection(SolutionProperties) = preSolution
		HideSolutionNode = FALSE
	EndGlobalSection
	GlobalSection(ExtensibilityGlobals) = postSolution
		SolutionGuid = {C8AD4149-D405-4C83-857E-4FDB301182C7}
	EndGlobalSection
EndGlobal
