
Microsoft Visual Studio Solution File, Format Version 12.00
# Visual Studio Version 17
VisualStudioVersion = 17.0.32014.148
MinimumVisualStudioVersion = 10.0.40219.1
Project("{9A19103F-16F7-4668-BE54-9A1E7A4F7556}") = "1. MathOperation", "1. MathOperation\1. MathOperation.csproj", "{20C24E4A-A39B-4A9A-949C-3FD5AAF36AC0}"
EndProject
Project("{FAE04EC0-301F-11D3-BF4B-00C04F79EFBC}") = "2. Animals", "2. Animals\2. Animals.csproj", "{EE258C1D-F9BD-4126-8576-FBF732D0981C}"
EndProject
Global
	GlobalSection(SolutionConfigurationPlatforms) = preSolution
		Debug|Any CPU = Debug|Any CPU
		Release|Any CPU = Release|Any CPU
	EndGlobalSection
	GlobalSection(ProjectConfigurationPlatforms) = postSolution
		{20C24E4A-A39B-4A9A-949C-3FD5AAF36AC0}.Debug|Any CPU.ActiveCfg = Debug|Any CPU
		{20C24E4A-A39B-4A9A-949C-3FD5AAF36AC0}.Debug|Any CPU.Build.0 = Debug|Any CPU
		{20C24E4A-A39B-4A9A-949C-3FD5AAF36AC0}.Release|Any CPU.ActiveCfg = Release|Any CPU
		{20C24E4A-A39B-4A9A-949C-3FD5AAF36AC0}.Release|Any CPU.Build.0 = Release|Any CPU
		{EE258C1D-F9BD-4126-8576-FBF732D0981C}.Debug|Any CPU.ActiveCfg = Debug|Any CPU
		{EE258C1D-F9BD-4126-8576-FBF732D0981C}.Debug|Any CPU.Build.0 = Debug|Any CPU
		{EE258C1D-F9BD-4126-8576-FBF732D0981C}.Release|Any CPU.ActiveCfg = Release|Any CPU
		{EE258C1D-F9BD-4126-8576-FBF732D0981C}.Release|Any CPU.Build.0 = Release|Any CPU
	EndGlobalSection
	GlobalSection(SolutionProperties) = preSolution
		HideSolutionNode = FALSE
	EndGlobalSection
	GlobalSection(ExtensibilityGlobals) = postSolution
		SolutionGuid = {2E50FFC2-329E-47EE-B7D7-C559E71023F4}
	EndGlobalSection
EndGlobal
