
Microsoft Visual Studio Solution File, Format Version 12.00
# Visual Studio Version 17
VisualStudioVersion = 17.0.32014.148
MinimumVisualStudioVersion = 10.0.40219.1
Project("{9A19103F-16F7-4668-BE54-9A1E7A4F7556}") = "1. Generic Box of String", "1. Generic Box of String\1. Generic Box of String.csproj", "{8C352E43-F17D-4C79-B434-2E9ECA6C2346}"
EndProject
Project("{FAE04EC0-301F-11D3-BF4B-00C04F79EFBC}") = "2. Generic Box of Integer", "2. Generic Box of Integer\2. Generic Box of Integer.csproj", "{09A64828-B0EB-4C73-9918-49ACB492B8BA}"
EndProject
Project("{FAE04EC0-301F-11D3-BF4B-00C04F79EFBC}") = "3. Generic Swap Method Strings", "3. Generic Swap Method Strings\3. Generic Swap Method Strings.csproj", "{4C6823E1-B8D6-4F15-86F2-B407F1E5DC32}"
EndProject
Project("{FAE04EC0-301F-11D3-BF4B-00C04F79EFBC}") = "4. Generic Swap Method Integers", "4. Generic Swap Method Integers\4. Generic Swap Method Integers.csproj", "{EDA5FDE5-6A64-4C55-9E6D-7E5DC000632B}"
EndProject
Project("{FAE04EC0-301F-11D3-BF4B-00C04F79EFBC}") = "5. Generic Count Method Strings", "5. Generic Count Method Strings\5. Generic Count Method Strings.csproj", "{7664A66D-1847-4374-A489-E0028943DE25}"
EndProject
Project("{FAE04EC0-301F-11D3-BF4B-00C04F79EFBC}") = "6. Generic Count Method Doubles", "6. Generic Count Method Doubles\6. Generic Count Method Doubles.csproj", "{C4494D41-1625-42E2-8F29-D9354EDBA049}"
EndProject
Project("{FAE04EC0-301F-11D3-BF4B-00C04F79EFBC}") = "7. Tuple", "7. Tuple\7. Tuple.csproj", "{E60EFEA6-5A3D-40D3-96A9-82EBAF3F6382}"
EndProject
Global
	GlobalSection(SolutionConfigurationPlatforms) = preSolution
		Debug|Any CPU = Debug|Any CPU
		Release|Any CPU = Release|Any CPU
	EndGlobalSection
	GlobalSection(ProjectConfigurationPlatforms) = postSolution
		{8C352E43-F17D-4C79-B434-2E9ECA6C2346}.Debug|Any CPU.ActiveCfg = Debug|Any CPU
		{8C352E43-F17D-4C79-B434-2E9ECA6C2346}.Debug|Any CPU.Build.0 = Debug|Any CPU
		{8C352E43-F17D-4C79-B434-2E9ECA6C2346}.Release|Any CPU.ActiveCfg = Release|Any CPU
		{8C352E43-F17D-4C79-B434-2E9ECA6C2346}.Release|Any CPU.Build.0 = Release|Any CPU
		{09A64828-B0EB-4C73-9918-49ACB492B8BA}.Debug|Any CPU.ActiveCfg = Debug|Any CPU
		{09A64828-B0EB-4C73-9918-49ACB492B8BA}.Debug|Any CPU.Build.0 = Debug|Any CPU
		{09A64828-B0EB-4C73-9918-49ACB492B8BA}.Release|Any CPU.ActiveCfg = Release|Any CPU
		{09A64828-B0EB-4C73-9918-49ACB492B8BA}.Release|Any CPU.Build.0 = Release|Any CPU
		{4C6823E1-B8D6-4F15-86F2-B407F1E5DC32}.Debug|Any CPU.ActiveCfg = Debug|Any CPU
		{4C6823E1-B8D6-4F15-86F2-B407F1E5DC32}.Debug|Any CPU.Build.0 = Debug|Any CPU
		{4C6823E1-B8D6-4F15-86F2-B407F1E5DC32}.Release|Any CPU.ActiveCfg = Release|Any CPU
		{4C6823E1-B8D6-4F15-86F2-B407F1E5DC32}.Release|Any CPU.Build.0 = Release|Any CPU
		{EDA5FDE5-6A64-4C55-9E6D-7E5DC000632B}.Debug|Any CPU.ActiveCfg = Debug|Any CPU
		{EDA5FDE5-6A64-4C55-9E6D-7E5DC000632B}.Debug|Any CPU.Build.0 = Debug|Any CPU
		{EDA5FDE5-6A64-4C55-9E6D-7E5DC000632B}.Release|Any CPU.ActiveCfg = Release|Any CPU
		{EDA5FDE5-6A64-4C55-9E6D-7E5DC000632B}.Release|Any CPU.Build.0 = Release|Any CPU
		{7664A66D-1847-4374-A489-E0028943DE25}.Debug|Any CPU.ActiveCfg = Debug|Any CPU
		{7664A66D-1847-4374-A489-E0028943DE25}.Debug|Any CPU.Build.0 = Debug|Any CPU
		{7664A66D-1847-4374-A489-E0028943DE25}.Release|Any CPU.ActiveCfg = Release|Any CPU
		{7664A66D-1847-4374-A489-E0028943DE25}.Release|Any CPU.Build.0 = Release|Any CPU
		{C4494D41-1625-42E2-8F29-D9354EDBA049}.Debug|Any CPU.ActiveCfg = Debug|Any CPU
		{C4494D41-1625-42E2-8F29-D9354EDBA049}.Debug|Any CPU.Build.0 = Debug|Any CPU
		{C4494D41-1625-42E2-8F29-D9354EDBA049}.Release|Any CPU.ActiveCfg = Release|Any CPU
		{C4494D41-1625-42E2-8F29-D9354EDBA049}.Release|Any CPU.Build.0 = Release|Any CPU
		{E60EFEA6-5A3D-40D3-96A9-82EBAF3F6382}.Debug|Any CPU.ActiveCfg = Debug|Any CPU
		{E60EFEA6-5A3D-40D3-96A9-82EBAF3F6382}.Debug|Any CPU.Build.0 = Debug|Any CPU
		{E60EFEA6-5A3D-40D3-96A9-82EBAF3F6382}.Release|Any CPU.ActiveCfg = Release|Any CPU
		{E60EFEA6-5A3D-40D3-96A9-82EBAF3F6382}.Release|Any CPU.Build.0 = Release|Any CPU
	EndGlobalSection
	GlobalSection(SolutionProperties) = preSolution
		HideSolutionNode = FALSE
	EndGlobalSection
	GlobalSection(ExtensibilityGlobals) = postSolution
		SolutionGuid = {73B4834B-6C03-40F7-9BD2-8281A842BE52}
	EndGlobalSection
EndGlobal
